{
  "name": "layadcc2",
  "version": "1.0.0",
  "lockfileVersion": 2,
  "requires": true,
  "packages": {
    "": {
      "name": "layadcc2",
      "version": "1.0.0",
      "license": "ISC",
      "dependencies": {
        "adm-zip": "^0.5.12"
      },
      "devDependencies": {
        "@types/adm-zip": "^0.5.5",
        "@types/node": "^20.12.3"
      }
    },
    "node_modules/@types/adm-zip": {
      "version": "0.5.5",
      "resolved": "https://registry.npmjs.org/@types/adm-zip/-/adm-zip-0.5.5.tgz",
      "integrity": "sha512-YCGstVMjc4LTY5uK9/obvxBya93axZOVOyf2GSUulADzmLhYE45u2nAssCs/fWBs1Ifq5Vat75JTPwd5XZoPJw==",
      "dev": true,
      "dependencies": {
        "@types/node": "*"
      }
    },
    "node_modules/@types/node": {
      "version": "20.12.3",
      "dev": true,
      "license": "MIT",
      "dependencies": {
        "undici-types": "~5.26.4"
      }
    },
    "node_modules/adm-zip": {
      "version": "0.5.12",
      "resolved": "https://registry.npmjs.org/adm-zip/-/adm-zip-0.5.12.tgz",
      "integrity": "sha512-6TVU49mK6KZb4qG6xWaaM4C7sA/sgUMLy/JYMOzkcp3BvVLpW0fXDFQiIzAuxFCt/2+xD7fNIiPFAoLZPhVNLQ==",
      "engines": {
        "node": ">=6.0"
      }
    },
    "node_modules/undici-types": {
      "version": "5.26.5",
      "dev": true,
      "license": "MIT"
    }
  },
  "dependencies": {
    "@types/adm-zip": {
      "version": "0.5.5",
      "resolved": "https://registry.npmjs.org/@types/adm-zip/-/adm-zip-0.5.5.tgz",
      "integrity": "sha512-YCGstVMjc4LTY5uK9/obvxBya93axZOVOyf2GSUulADzmLhYE45u2nAssCs/fWBs1Ifq5Vat75JTPwd5XZoPJw==",
      "dev": true,
      "requires": {
        "@types/node": "*"
      }
    },
    "@types/node": {
      "version": "20.12.3",
      "dev": true,
      "requires": {
        "undici-types": "~5.26.4"
      }
    },
    "adm-zip": {
      "version": "0.5.12",
      "resolved": "https://registry.npmjs.org/adm-zip/-/adm-zip-0.5.12.tgz",
      "integrity": "sha512-6TVU49mK6KZb4qG6xWaaM4C7sA/sgUMLy/JYMOzkcp3BvVLpW0fXDFQiIzAuxFCt/2+xD7fNIiPFAoLZPhVNLQ=="
    },
    "undici-types": {
      "version": "5.26.5",
      "dev": true
    }
  }
}
